
Microsoft Visual Studio Solution File, Format Version 12.00
# Visual Studio Version 17
VisualStudioVersion = 17.9.34723.18
MinimumVisualStudioVersion = 10.0.40219.1
Project("{9A19103F-16F7-4668-BE54-9A1E7A4F7556}") = "Cinema.Web", "Cinema.Web\Cinema.Web.csproj", "{15483D7B-C57A-4FED-B271-7326087F6DDA}"
EndProject
Project("{9A19103F-16F7-4668-BE54-9A1E7A4F7556}") = "Cinema.Core", "Cinema.Core\Cinema.Core.csproj", "{B93E9878-DAE3-4625-B1FB-408C28475BF6}"
EndProject
Project("{9A19103F-16F7-4668-BE54-9A1E7A4F7556}") = "Cinema.Domain", "Cinema.Domain\Cinema.Domain.csproj", "{A0917E3C-F444-4E64-8551-AFFBA06C5A4B}"
EndProject
Project("{9A19103F-16F7-4668-BE54-9A1E7A4F7556}") = "Cinema.Infrastructure", "Cinema.Infrastructure\Cinema.Infrastructure.csproj", "{3AEF7B87-5C5C-41FF-A9BC-BAC67A3EC5F0}"
EndProject
Project("{9A19103F-16F7-4668-BE54-9A1E7A4F7556}") = "Cinema.Common", "Cinema.Common\Cinema.Common.csproj", "{8983DAF0-8A6B-4448-B7C5-ED0CF591F3D8}"
EndProject
Project("{FAE04EC0-301F-11D3-BF4B-00C04F79EFBC}") = "Cinema.Test", "Cinema.Test\Cinema.Test.csproj", "{E8CE6844-20D0-4868-8F43-5C44461E8A2E}"
EndProject
Global
	GlobalSection(SolutionConfigurationPlatforms) = preSolution
		Debug|Any CPU = Debug|Any CPU
		Release|Any CPU = Release|Any CPU
	EndGlobalSection
	GlobalSection(ProjectConfigurationPlatforms) = postSolution
		{15483D7B-C57A-4FED-B271-7326087F6DDA}.Debug|Any CPU.ActiveCfg = Debug|Any CPU
		{15483D7B-C57A-4FED-B271-7326087F6DDA}.Debug|Any CPU.Build.0 = Debug|Any CPU
		{15483D7B-C57A-4FED-B271-7326087F6DDA}.Release|Any CPU.ActiveCfg = Release|Any CPU
		{15483D7B-C57A-4FED-B271-7326087F6DDA}.Release|Any CPU.Build.0 = Release|Any CPU
		{B93E9878-DAE3-4625-B1FB-408C28475BF6}.Debug|Any CPU.ActiveCfg = Debug|Any CPU
		{B93E9878-DAE3-4625-B1FB-408C28475BF6}.Debug|Any CPU.Build.0 = Debug|Any CPU
		{B93E9878-DAE3-4625-B1FB-408C28475BF6}.Release|Any CPU.ActiveCfg = Release|Any CPU
		{B93E9878-DAE3-4625-B1FB-408C28475BF6}.Release|Any CPU.Build.0 = Release|Any CPU
		{A0917E3C-F444-4E64-8551-AFFBA06C5A4B}.Debug|Any CPU.ActiveCfg = Debug|Any CPU
		{A0917E3C-F444-4E64-8551-AFFBA06C5A4B}.Debug|Any CPU.Build.0 = Debug|Any CPU
		{A0917E3C-F444-4E64-8551-AFFBA06C5A4B}.Release|Any CPU.ActiveCfg = Release|Any CPU
		{A0917E3C-F444-4E64-8551-AFFBA06C5A4B}.Release|Any CPU.Build.0 = Release|Any CPU
		{3AEF7B87-5C5C-41FF-A9BC-BAC67A3EC5F0}.Debug|Any CPU.ActiveCfg = Debug|Any CPU
		{3AEF7B87-5C5C-41FF-A9BC-BAC67A3EC5F0}.Debug|Any CPU.Build.0 = Debug|Any CPU
		{3AEF7B87-5C5C-41FF-A9BC-BAC67A3EC5F0}.Release|Any CPU.ActiveCfg = Release|Any CPU
		{3AEF7B87-5C5C-41FF-A9BC-BAC67A3EC5F0}.Release|Any CPU.Build.0 = Release|Any CPU
		{8983DAF0-8A6B-4448-B7C5-ED0CF591F3D8}.Debug|Any CPU.ActiveCfg = Debug|Any CPU
		{8983DAF0-8A6B-4448-B7C5-ED0CF591F3D8}.Debug|Any CPU.Build.0 = Debug|Any CPU
		{8983DAF0-8A6B-4448-B7C5-ED0CF591F3D8}.Release|Any CPU.ActiveCfg = Release|Any CPU
		{8983DAF0-8A6B-4448-B7C5-ED0CF591F3D8}.Release|Any CPU.Build.0 = Release|Any CPU
		{E8CE6844-20D0-4868-8F43-5C44461E8A2E}.Debug|Any CPU.ActiveCfg = Debug|Any CPU
		{E8CE6844-20D0-4868-8F43-5C44461E8A2E}.Debug|Any CPU.Build.0 = Debug|Any CPU
		{E8CE6844-20D0-4868-8F43-5C44461E8A2E}.Release|Any CPU.ActiveCfg = Release|Any CPU
		{E8CE6844-20D0-4868-8F43-5C44461E8A2E}.Release|Any CPU.Build.0 = Release|Any CPU
	EndGlobalSection
	GlobalSection(SolutionProperties) = preSolution
		HideSolutionNode = FALSE
	EndGlobalSection
	GlobalSection(ExtensibilityGlobals) = postSolution
		SolutionGuid = {930D456E-4A68-47D3-9968-01FF1FE661E4}
	EndGlobalSection
EndGlobal
